
Microsoft Visual Studio Solution File, Format Version 12.00
# Visual Studio Version 16
VisualStudioVersion = 16.0.29613.14
MinimumVisualStudioVersion = 10.0.40219.1
Project("{FAE04EC0-301F-11D3-BF4B-00C04F79EFBC}") = "Capella6WNet", "Capella6WNet.csproj", "{09027139-73E3-414F-B148-792A5A42B04E}"
EndProject
Project("{FAE04EC0-301F-11D3-BF4B-00C04F79EFBC}") = "Capella6LNet", "..\Capella6LNet\Capella6LNet.csproj", "{DFA6CE95-B85F-46B1-B96B-C58147C0E5D1}"
EndProject
Global
	GlobalSection(SolutionConfigurationPlatforms) = preSolution
		Debug|Any CPU = Debug|Any CPU
		Release|Any CPU = Release|Any CPU
	EndGlobalSection
	GlobalSection(ProjectConfigurationPlatforms) = postSolution
		{09027139-73E3-414F-B148-792A5A42B04E}.Debug|Any CPU.ActiveCfg = Debug|Any CPU
		{09027139-73E3-414F-B148-792A5A42B04E}.Debug|Any CPU.Build.0 = Debug|Any CPU
		{09027139-73E3-414F-B148-792A5A42B04E}.Release|Any CPU.ActiveCfg = Release|Any CPU
		{09027139-73E3-414F-B148-792A5A42B04E}.Release|Any CPU.Build.0 = Release|Any CPU
		{DFA6CE95-B85F-46B1-B96B-C58147C0E5D1}.Debug|Any CPU.ActiveCfg = Debug|Any CPU
		{DFA6CE95-B85F-46B1-B96B-C58147C0E5D1}.Debug|Any CPU.Build.0 = Debug|Any CPU
		{DFA6CE95-B85F-46B1-B96B-C58147C0E5D1}.Release|Any CPU.ActiveCfg = Release|Any CPU
		{DFA6CE95-B85F-46B1-B96B-C58147C0E5D1}.Release|Any CPU.Build.0 = Release|Any CPU
	EndGlobalSection
	GlobalSection(SolutionProperties) = preSolution
		HideSolutionNode = FALSE
	EndGlobalSection
	GlobalSection(ExtensibilityGlobals) = postSolution
		SolutionGuid = {4687AAFC-5F97-4E97-B512-B2126C9871AD}
	EndGlobalSection
EndGlobal
